
Microsoft Visual Studio Solution File, Format Version 12.00
# Visual Studio 2012
Project("{E24C65DC-7377-472B-9ABA-BC803B73C61A}") = "EXAMEN_WEB", "http://localhost:56351", "{E84ED083-70DF-4A20-A0C7-7F5E22F40344}"
	ProjectSection(WebsiteProperties) = preProject
		UseIISExpress = "true"
		TargetFrameworkMoniker = ".NETFramework,Version%3Dv3.5"
		Debug.AspNetCompiler.VirtualPath = "/localhost_56351"
		Debug.AspNetCompiler.PhysicalPath = "..\..\WebSites\EXAMEN_WEB\"
		Debug.AspNetCompiler.TargetPath = "PrecompiledWeb\localhost_56351\"
		Debug.AspNetCompiler.Updateable = "true"
		Debug.AspNetCompiler.ForceOverwrite = "true"
		Debug.AspNetCompiler.FixedNames = "false"
		Debug.AspNetCompiler.Debug = "True"
		Release.AspNetCompiler.VirtualPath = "/localhost_56351"
		Release.AspNetCompiler.PhysicalPath = "..\..\WebSites\EXAMEN_WEB\"
		Release.AspNetCompiler.TargetPath = "PrecompiledWeb\localhost_56351\"
		Release.AspNetCompiler.Updateable = "true"
		Release.AspNetCompiler.ForceOverwrite = "true"
		Release.AspNetCompiler.FixedNames = "false"
		Release.AspNetCompiler.Debug = "False"
		SlnRelativePath = "..\..\WebSites\EXAMEN_WEB\"
		DefaultWebSiteLanguage = "Visual C#"
	EndProjectSection
EndProject
Global
	GlobalSection(SolutionConfigurationPlatforms) = preSolution
		Debug|Any CPU = Debug|Any CPU
	EndGlobalSection
	GlobalSection(ProjectConfigurationPlatforms) = postSolution
		{E84ED083-70DF-4A20-A0C7-7F5E22F40344}.Debug|Any CPU.ActiveCfg = Debug|Any CPU
		{E84ED083-70DF-4A20-A0C7-7F5E22F40344}.Debug|Any CPU.Build.0 = Debug|Any CPU
	EndGlobalSection
	GlobalSection(SolutionProperties) = preSolution
		HideSolutionNode = FALSE
	EndGlobalSection
EndGlobal
